
Microsoft Visual Studio Solution File, Format Version 12.00
# Visual Studio Version 16
VisualStudioVersion = 16.0.31025.194
MinimumVisualStudioVersion = 10.0.40219.1
Project("{9A19103F-16F7-4668-BE54-9A1E7A4F7556}") = "LoggingFramework.Abstractions", "src\LoggingFramework.Abstractions\LoggingFramework.Abstractions.csproj", "{D97E9EBD-F3B0-47B3-840E-997C418F754B}"
EndProject
Project("{2150E333-8FDC-42A3-9474-1A3956D46DE8}") = "src", "src", "{01EBD41C-03CB-447E-9B15-26D2784D7291}"
EndProject
Project("{2150E333-8FDC-42A3-9474-1A3956D46DE8}") = "tests", "tests", "{F18F1212-0DEE-4127-B312-9DABF4227807}"
EndProject
Project("{9A19103F-16F7-4668-BE54-9A1E7A4F7556}") = "LoggingFramework.Abstractions.UnitTests", "tests\LoggingFramework.Abstractions.UnitTests\LoggingFramework.Abstractions.UnitTests.csproj", "{ECCEE1A8-9F2A-4537-86AC-04F3E582568B}"
EndProject
Project("{FAE04EC0-301F-11D3-BF4B-00C04F79EFBC}") = "LoggingFramework.Aws.Sns", "src\LoggingFramework.Aws.Sns\LoggingFramework.Aws.Sns.csproj", "{4B0A6BDF-576D-43CA-AAAA-AE3EFADA90B0}"
EndProject
Global
	GlobalSection(SolutionConfigurationPlatforms) = preSolution
		Debug|Any CPU = Debug|Any CPU
		Release|Any CPU = Release|Any CPU
	EndGlobalSection
	GlobalSection(ProjectConfigurationPlatforms) = postSolution
		{D97E9EBD-F3B0-47B3-840E-997C418F754B}.Debug|Any CPU.ActiveCfg = Debug|Any CPU
		{D97E9EBD-F3B0-47B3-840E-997C418F754B}.Debug|Any CPU.Build.0 = Debug|Any CPU
		{D97E9EBD-F3B0-47B3-840E-997C418F754B}.Release|Any CPU.ActiveCfg = Release|Any CPU
		{D97E9EBD-F3B0-47B3-840E-997C418F754B}.Release|Any CPU.Build.0 = Release|Any CPU
		{ECCEE1A8-9F2A-4537-86AC-04F3E582568B}.Debug|Any CPU.ActiveCfg = Debug|Any CPU
		{ECCEE1A8-9F2A-4537-86AC-04F3E582568B}.Debug|Any CPU.Build.0 = Debug|Any CPU
		{ECCEE1A8-9F2A-4537-86AC-04F3E582568B}.Release|Any CPU.ActiveCfg = Release|Any CPU
		{ECCEE1A8-9F2A-4537-86AC-04F3E582568B}.Release|Any CPU.Build.0 = Release|Any CPU
		{4B0A6BDF-576D-43CA-AAAA-AE3EFADA90B0}.Debug|Any CPU.ActiveCfg = Debug|Any CPU
		{4B0A6BDF-576D-43CA-AAAA-AE3EFADA90B0}.Debug|Any CPU.Build.0 = Debug|Any CPU
		{4B0A6BDF-576D-43CA-AAAA-AE3EFADA90B0}.Release|Any CPU.ActiveCfg = Release|Any CPU
		{4B0A6BDF-576D-43CA-AAAA-AE3EFADA90B0}.Release|Any CPU.Build.0 = Release|Any CPU
	EndGlobalSection
	GlobalSection(SolutionProperties) = preSolution
		HideSolutionNode = FALSE
	EndGlobalSection
	GlobalSection(NestedProjects) = preSolution
		{D97E9EBD-F3B0-47B3-840E-997C418F754B} = {01EBD41C-03CB-447E-9B15-26D2784D7291}
		{ECCEE1A8-9F2A-4537-86AC-04F3E582568B} = {F18F1212-0DEE-4127-B312-9DABF4227807}
		{4B0A6BDF-576D-43CA-AAAA-AE3EFADA90B0} = {01EBD41C-03CB-447E-9B15-26D2784D7291}
	EndGlobalSection
	GlobalSection(ExtensibilityGlobals) = postSolution
		SolutionGuid = {FC76E725-D69B-49FC-BC0C-F4755CB14BBB}
	EndGlobalSection
EndGlobal
